// !$*UTF8*$!
{
	archiveVersion = 1;
	classes = {
	};
	objectVersion = 56;
	objects = {

/* Begin PBXBuildFile section */
		03BD4AAA2B3CB26000341CE2 /* SwiftBankApp.swift in Sources */ = {isa = PBXBuildFile; fileRef = 03BD4AA92B3CB26000341CE2 /* SwiftBankApp.swift */; };
		03BD4AAE2B3CB26400341CE2 /* Assets.xcassets in Resources */ = {isa = PBXBuildFile; fileRef = 03BD4AAD2B3CB26400341CE2 /* Assets.xcassets */; };
		03BD4AB12B3CB26400341CE2 /* Preview Assets.xcassets in Resources */ = {isa = PBXBuildFile; fileRef = 03BD4AB02B3CB26400341CE2 /* Preview Assets.xcassets */; };
		03BD4ABD2B3CC72000341CE2 /* BalanceView.swift in Sources */ = {isa = PBXBuildFile; fileRef = 03BD4ABC2B3CC72000341CE2 /* BalanceView.swift */; };
		03E5D8DD2B40D79A00B9BC9A /* CreditCardView.swift in Sources */ = {isa = PBXBuildFile; fileRef = 03E5D8DC2B40D79A00B9BC9A /* CreditCardView.swift */; };
		03E5D8E02B4213BD00B9BC9A /* LoanView.swift in Sources */ = {isa = PBXBuildFile; fileRef = 03E5D8DF2B4213BD00B9BC9A /* LoanView.swift */; };
		03E5D8E52B421F0400B9BC9A /* SavingsView.swift in Sources */ = {isa = PBXBuildFile; fileRef = 03E5D8E42B421F0400B9BC9A /* SavingsView.swift */; };
		03E5D8E82B425BC700B9BC9A /* ActivitiesView.swift in Sources */ = {isa = PBXBuildFile; fileRef = 03E5D8E72B425BC700B9BC9A /* ActivitiesView.swift */; };
		03E5D8EB2B43587800B9BC9A /* InsuranceView.swift in Sources */ = {isa = PBXBuildFile; fileRef = 03E5D8EA2B43587800B9BC9A /* InsuranceView.swift */; };
		03E5D8EE2B45E20F00B9BC9A /* HomeViewModel.swift in Sources */ = {isa = PBXBuildFile; fileRef = 03E5D8ED2B45E20F00B9BC9A /* HomeViewModel.swift */; };
		03E5D8F42B45E32B00B9BC9A /* Endpoint.swift in Sources */ = {isa = PBXBuildFile; fileRef = 03E5D8F32B45E32B00B9BC9A /* Endpoint.swift */; };
		03E5D8F62B45E48A00B9BC9A /* RequestMethod.swift in Sources */ = {isa = PBXBuildFile; fileRef = 03E5D8F52B45E48A00B9BC9A /* RequestMethod.swift */; };
		03E5D8F82B45E4F400B9BC9A /* RequestError.swift in Sources */ = {isa = PBXBuildFile; fileRef = 03E5D8F72B45E4F400B9BC9A /* RequestError.swift */; };
		03E5D8FA2B45E50D00B9BC9A /* HTTPClient.swift in Sources */ = {isa = PBXBuildFile; fileRef = 03E5D8F92B45E50D00B9BC9A /* HTTPClient.swift */; };
		03E5D8FC2B45E52F00B9BC9A /* HomeEndpoint.swift in Sources */ = {isa = PBXBuildFile; fileRef = 03E5D8FB2B45E52F00B9BC9A /* HomeEndpoint.swift */; };
		03E5D8FE2B45E64800B9BC9A /* HomeNetworkingService.swift in Sources */ = {isa = PBXBuildFile; fileRef = 03E5D8FD2B45E64800B9BC9A /* HomeNetworkingService.swift */; };
		03E5D9002B45F3C800B9BC9A /* HomeView.swift in Sources */ = {isa = PBXBuildFile; fileRef = 03E5D8FF2B45F3C800B9BC9A /* HomeView.swift */; };
/* End PBXBuildFile section */

/* Begin PBXFileReference section */
		03BD4AA62B3CB26000341CE2 /* SwiftBank.app */ = {isa = PBXFileReference; explicitFileType = wrapper.application; includeInIndex = 0; path = SwiftBank.app; sourceTree = BUILT_PRODUCTS_DIR; };
		03BD4AA92B3CB26000341CE2 /* SwiftBankApp.swift */ = {isa = PBXFileReference; lastKnownFileType = sourcecode.swift; path = SwiftBankApp.swift; sourceTree = "<group>"; };
		03BD4AAD2B3CB26400341CE2 /* Assets.xcassets */ = {isa = PBXFileReference; lastKnownFileType = folder.assetcatalog; path = Assets.xcassets; sourceTree = "<group>"; };
		03BD4AB02B3CB26400341CE2 /* Preview Assets.xcassets */ = {isa = PBXFileReference; lastKnownFileType = folder.assetcatalog; path = "Preview Assets.xcassets"; sourceTree = "<group>"; };
		03BD4ABC2B3CC72000341CE2 /* BalanceView.swift */ = {isa = PBXFileReference; lastKnownFileType = sourcecode.swift; path = BalanceView.swift; sourceTree = "<group>"; };
		03E5D8DC2B40D79A00B9BC9A /* CreditCardView.swift */ = {isa = PBXFileReference; lastKnownFileType = sourcecode.swift; path = CreditCardView.swift; sourceTree = "<group>"; };
		03E5D8DF2B4213BD00B9BC9A /* LoanView.swift */ = {isa = PBXFileReference; lastKnownFileType = sourcecode.swift; path = LoanView.swift; sourceTree = "<group>"; };
		03E5D8E42B421F0400B9BC9A /* SavingsView.swift */ = {isa = PBXFileReference; lastKnownFileType = sourcecode.swift; path = SavingsView.swift; sourceTree = "<group>"; };
		03E5D8E72B425BC700B9BC9A /* ActivitiesView.swift */ = {isa = PBXFileReference; lastKnownFileType = sourcecode.swift; path = ActivitiesView.swift; sourceTree = "<group>"; };
		03E5D8EA2B43587800B9BC9A /* InsuranceView.swift */ = {isa = PBXFileReference; lastKnownFileType = sourcecode.swift; path = InsuranceView.swift; sourceTree = "<group>"; };
		03E5D8ED2B45E20F00B9BC9A /* HomeViewModel.swift */ = {isa = PBXFileReference; lastKnownFileType = sourcecode.swift; path = HomeViewModel.swift; sourceTree = "<group>"; };
		03E5D8F32B45E32B00B9BC9A /* Endpoint.swift */ = {isa = PBXFileReference; lastKnownFileType = sourcecode.swift; path = Endpoint.swift; sourceTree = "<group>"; };
		03E5D8F52B45E48A00B9BC9A /* RequestMethod.swift */ = {isa = PBXFileReference; lastKnownFileType = sourcecode.swift; path = RequestMethod.swift; sourceTree = "<group>"; };
		03E5D8F72B45E4F400B9BC9A /* RequestError.swift */ = {isa = PBXFileReference; lastKnownFileType = sourcecode.swift; path = RequestError.swift; sourceTree = "<group>"; };
		03E5D8F92B45E50D00B9BC9A /* HTTPClient.swift */ = {isa = PBXFileReference; lastKnownFileType = sourcecode.swift; path = HTTPClient.swift; sourceTree = "<group>"; };
		03E5D8FB2B45E52F00B9BC9A /* HomeEndpoint.swift */ = {isa = PBXFileReference; lastKnownFileType = sourcecode.swift; path = HomeEndpoint.swift; sourceTree = "<group>"; };
		03E5D8FD2B45E64800B9BC9A /* HomeNetworkingService.swift */ = {isa = PBXFileReference; lastKnownFileType = sourcecode.swift; path = HomeNetworkingService.swift; sourceTree = "<group>"; };
		03E5D8FF2B45F3C800B9BC9A /* HomeView.swift */ = {isa = PBXFileReference; lastKnownFileType = sourcecode.swift; path = HomeView.swift; sourceTree = "<group>"; };
/* End PBXFileReference section */

/* Begin PBXFrameworksBuildPhase section */
		03BD4AA32B3CB26000341CE2 /* Frameworks */ = {
			isa = PBXFrameworksBuildPhase;
			buildActionMask = 2147483647;
			files = (
			);
			runOnlyForDeploymentPostprocessing = 0;
		};
/* End PBXFrameworksBuildPhase section */

/* Begin PBXGroup section */
		03BD4A9D2B3CB26000341CE2 = {
			isa = PBXGroup;
			children = (
				03BD4AA82B3CB26000341CE2 /* SwiftBank */,
				03BD4AA72B3CB26000341CE2 /* Products */,
			);
			sourceTree = "<group>";
		};
		03BD4AA72B3CB26000341CE2 /* Products */ = {
			isa = PBXGroup;
			children = (
				03BD4AA62B3CB26000341CE2 /* SwiftBank.app */,
			);
			name = Products;
			sourceTree = "<group>";
		};
		03BD4AA82B3CB26000341CE2 /* SwiftBank */ = {
			isa = PBXGroup;
			children = (
				03BD4AA92B3CB26000341CE2 /* SwiftBankApp.swift */,
				03BD4AB72B3CB2F500341CE2 /* Home */,
				03E5D8EF2B45E25100B9BC9A /* Networking */,
				03BD4AAD2B3CB26400341CE2 /* Assets.xcassets */,
				03BD4AAF2B3CB26400341CE2 /* Preview Content */,
			);
			path = SwiftBank;
			sourceTree = "<group>";
		};
		03BD4AAF2B3CB26400341CE2 /* Preview Content */ = {
			isa = PBXGroup;
			children = (
				03BD4AB02B3CB26400341CE2 /* Preview Assets.xcassets */,
			);
			path = "Preview Content";
			sourceTree = "<group>";
		};
		03BD4AB72B3CB2F500341CE2 /* Home */ = {
			isa = PBXGroup;
			children = (
				03E5D8EC2B45E1F200B9BC9A /* ViewModel */,
				03E5D8E22B421EB400B9BC9A /* Views */,
			);
			path = Home;
			sourceTree = "<group>";
		};
		03BD4ABB2B3CC70200341CE2 /* Balance */ = {
			isa = PBXGroup;
			children = (
				03BD4ABC2B3CC72000341CE2 /* BalanceView.swift */,
			);
			path = Balance;
			sourceTree = "<group>";
		};
		03E5D8DB2B40D76E00B9BC9A /* CreditCard */ = {
			isa = PBXGroup;
			children = (
				03E5D8DC2B40D79A00B9BC9A /* CreditCardView.swift */,
			);
			path = CreditCard;
			sourceTree = "<group>";
		};
		03E5D8DE2B42138600B9BC9A /* Loan */ = {
			isa = PBXGroup;
			children = (
				03E5D8DF2B4213BD00B9BC9A /* LoanView.swift */,
			);
			path = Loan;
			sourceTree = "<group>";
		};
		03E5D8E12B421EA800B9BC9A /* Savings */ = {
			isa = PBXGroup;
			children = (
				03E5D8E42B421F0400B9BC9A /* SavingsView.swift */,
			);
			path = Savings;
			sourceTree = "<group>";
		};
		03E5D8E22B421EB400B9BC9A /* Views */ = {
			isa = PBXGroup;
			children = (
				03E5D8FF2B45F3C800B9BC9A /* HomeView.swift */,
				03BD4ABB2B3CC70200341CE2 /* Balance */,
				03E5D8DB2B40D76E00B9BC9A /* CreditCard */,
				03E5D8DE2B42138600B9BC9A /* Loan */,
				03E5D8E12B421EA800B9BC9A /* Savings */,
				03E5D8E62B425B9100B9BC9A /* Activities */,
				03E5D8E92B43585D00B9BC9A /* Insurance */,
			);
			path = Views;
			sourceTree = "<group>";
		};
		03E5D8E62B425B9100B9BC9A /* Activities */ = {
			isa = PBXGroup;
			children = (
				03E5D8E72B425BC700B9BC9A /* ActivitiesView.swift */,
			);
			path = Activities;
			sourceTree = "<group>";
		};
		03E5D8E92B43585D00B9BC9A /* Insurance */ = {
			isa = PBXGroup;
			children = (
				03E5D8EA2B43587800B9BC9A /* InsuranceView.swift */,
			);
			path = Insurance;
			sourceTree = "<group>";
		};
		03E5D8EC2B45E1F200B9BC9A /* ViewModel */ = {
			isa = PBXGroup;
			children = (
				03E5D8ED2B45E20F00B9BC9A /* HomeViewModel.swift */,
			);
			path = ViewModel;
			sourceTree = "<group>";
		};
		03E5D8EF2B45E25100B9BC9A /* Networking */ = {
			isa = PBXGroup;
			children = (
				03E5D8F02B45E2F800B9BC9A /* Base */,
				03E5D8F12B45E2FF00B9BC9A /* Endpoints */,
				03E5D8F22B45E30E00B9BC9A /* Services */,
			);
			path = Networking;
			sourceTree = "<group>";
		};
		03E5D8F02B45E2F800B9BC9A /* Base */ = {
			isa = PBXGroup;
			children = (
				03E5D8F32B45E32B00B9BC9A /* Endpoint.swift */,
				03E5D8F52B45E48A00B9BC9A /* RequestMethod.swift */,
				03E5D8F72B45E4F400B9BC9A /* RequestError.swift */,
				03E5D8F92B45E50D00B9BC9A /* HTTPClient.swift */,
			);
			path = Base;
			sourceTree = "<group>";
		};
		03E5D8F12B45E2FF00B9BC9A /* Endpoints */ = {
			isa = PBXGroup;
			children = (
				03E5D8FB2B45E52F00B9BC9A /* HomeEndpoint.swift */,
			);
			path = Endpoints;
			sourceTree = "<group>";
		};
		03E5D8F22B45E30E00B9BC9A /* Services */ = {
			isa = PBXGroup;
			children = (
				03E5D8FD2B45E64800B9BC9A /* HomeNetworkingService.swift */,
			);
			path = Services;
			sourceTree = "<group>";
		};
/* End PBXGroup section */

/* Begin PBXNativeTarget section */
		03BD4AA52B3CB26000341CE2 /* SwiftBank */ = {
			isa = PBXNativeTarget;
			buildConfigurationList = 03BD4AB42B3CB26400341CE2 /* Build configuration list for PBXNativeTarget "SwiftBank" */;
			buildPhases = (
				03BD4AA22B3CB26000341CE2 /* Sources */,
				03BD4AA32B3CB26000341CE2 /* Frameworks */,
				03BD4AA42B3CB26000341CE2 /* Resources */,
			);
			buildRules = (
			);
			dependencies = (
			);
			name = SwiftBank;
			productName = SwiftBank;
			productReference = 03BD4AA62B3CB26000341CE2 /* SwiftBank.app */;
			productType = "com.apple.product-type.application";
		};
/* End PBXNativeTarget section */

/* Begin PBXProject section */
		03BD4A9E2B3CB26000341CE2 /* Project object */ = {
			isa = PBXProject;
			attributes = {
				BuildIndependentTargetsInParallel = 1;
				LastSwiftUpdateCheck = 1430;
				LastUpgradeCheck = 1430;
				TargetAttributes = {
					03BD4AA52B3CB26000341CE2 = {
						CreatedOnToolsVersion = 14.3;
					};
				};
			};
			buildConfigurationList = 03BD4AA12B3CB26000341CE2 /* Build configuration list for PBXProject "SwiftBank" */;
			compatibilityVersion = "Xcode 14.0";
			developmentRegion = en;
			hasScannedForEncodings = 0;
			knownRegions = (
				en,
				Base,
			);
			mainGroup = 03BD4A9D2B3CB26000341CE2;
			productRefGroup = 03BD4AA72B3CB26000341CE2 /* Products */;
			projectDirPath = "";
			projectRoot = "";
			targets = (
				03BD4AA52B3CB26000341CE2 /* SwiftBank */,
			);
		};
/* End PBXProject section */

/* Begin PBXResourcesBuildPhase section */
		03BD4AA42B3CB26000341CE2 /* Resources */ = {
			isa = PBXResourcesBuildPhase;
			buildActionMask = 2147483647;
			files = (
				03BD4AB12B3CB26400341CE2 /* Preview Assets.xcassets in Resources */,
				03BD4AAE2B3CB26400341CE2 /* Assets.xcassets in Resources */,
			);
			runOnlyForDeploymentPostprocessing = 0;
		};
/* End PBXResourcesBuildPhase section */

/* Begin PBXSourcesBuildPhase section */
		03BD4AA22B3CB26000341CE2 /* Sources */ = {
			isa = PBXSourcesBuildPhase;
			buildActionMask = 2147483647;
			files = (
				03BD4ABD2B3CC72000341CE2 /* BalanceView.swift in Sources */,
				03E5D8EE2B45E20F00B9BC9A /* HomeViewModel.swift in Sources */,
				03E5D8FA2B45E50D00B9BC9A /* HTTPClient.swift in Sources */,
				03E5D8EB2B43587800B9BC9A /* InsuranceView.swift in Sources */,
				03E5D8F42B45E32B00B9BC9A /* Endpoint.swift in Sources */,
				03E5D8F62B45E48A00B9BC9A /* RequestMethod.swift in Sources */,
				03BD4AAA2B3CB26000341CE2 /* SwiftBankApp.swift in Sources */,
				03E5D8DD2B40D79A00B9BC9A /* CreditCardView.swift in Sources */,
				03E5D8FC2B45E52F00B9BC9A /* HomeEndpoint.swift in Sources */,
				03E5D8F82B45E4F400B9BC9A /* RequestError.swift in Sources */,
				03E5D8E52B421F0400B9BC9A /* SavingsView.swift in Sources */,
				03E5D8E82B425BC700B9BC9A /* ActivitiesView.swift in Sources */,
				03E5D9002B45F3C800B9BC9A /* HomeView.swift in Sources */,
				03E5D8FE2B45E64800B9BC9A /* HomeNetworkingService.swift in Sources */,
				03E5D8E02B4213BD00B9BC9A /* LoanView.swift in Sources */,
			);
			runOnlyForDeploymentPostprocessing = 0;
		};
/* End PBXSourcesBuildPhase section */

/* Begin XCBuildConfiguration section */
		03BD4AB22B3CB26400341CE2 /* Debug */ = {
			isa = XCBuildConfiguration;
			buildSettings = {
				ALWAYS_SEARCH_USER_PATHS = NO;
				CLANG_ANALYZER_NONNULL = YES;
				CLANG_ANALYZER_NUMBER_OBJECT_CONVERSION = YES_AGGRESSIVE;
				CLANG_CXX_LANGUAGE_STANDARD = "gnu++20";
				CLANG_ENABLE_MODULES = YES;
				CLANG_ENABLE_OBJC_ARC = YES;
				CLANG_ENABLE_OBJC_WEAK = YES;
				CLANG_WARN_BLOCK_CAPTURE_AUTORELEASING = YES;
				CLANG_WARN_BOOL_CONVERSION = YES;
				CLANG_WARN_COMMA = YES;
				CLANG_WARN_CONSTANT_CONVERSION = YES;
				CLANG_WARN_DEPRECATED_OBJC_IMPLEMENTATIONS = YES;
				CLANG_WARN_DIRECT_OBJC_ISA_USAGE = YES_ERROR;
				CLANG_WARN_DOCUMENTATION_COMMENTS = YES;
				CLANG_WARN_EMPTY_BODY = YES;
				CLANG_WARN_ENUM_CONVERSION = YES;
				CLANG_WARN_INFINITE_RECURSION = YES;
				CLANG_WARN_INT_CONVERSION = YES;
				CLANG_WARN_NON_LITERAL_NULL_CONVERSION = YES;
				CLANG_WARN_OBJC_IMPLICIT_RETAIN_SELF = YES;
				CLANG_WARN_OBJC_LITERAL_CONVERSION = YES;
				CLANG_WARN_OBJC_ROOT_CLASS = YES_ERROR;
				CLANG_WARN_QUOTED_INCLUDE_IN_FRAMEWORK_HEADER = YES;
				CLANG_WARN_RANGE_LOOP_ANALYSIS = YES;
				CLANG_WARN_STRICT_PROTOTYPES = YES;
				CLANG_WARN_SUSPICIOUS_MOVE = YES;
				CLANG_WARN_UNGUARDED_AVAILABILITY = YES_AGGRESSIVE;
				CLANG_WARN_UNREACHABLE_CODE = YES;
				CLANG_WARN__DUPLICATE_METHOD_MATCH = YES;
				COPY_PHASE_STRIP = NO;
				DEBUG_INFORMATION_FORMAT = dwarf;
				ENABLE_STRICT_OBJC_MSGSEND = YES;
				ENABLE_TESTABILITY = YES;
				GCC_C_LANGUAGE_STANDARD = gnu11;
				GCC_DYNAMIC_NO_PIC = NO;
				GCC_NO_COMMON_BLOCKS = YES;
				GCC_OPTIMIZATION_LEVEL = 0;
				GCC_PREPROCESSOR_DEFINITIONS = (
					"DEBUG=1",
					"$(inherited)",
				);
				GCC_WARN_64_TO_32_BIT_CONVERSION = YES;
				GCC_WARN_ABOUT_RETURN_TYPE = YES_ERROR;
				GCC_WARN_UNDECLARED_SELECTOR = YES;
				GCC_WARN_UNINITIALIZED_AUTOS = YES_AGGRESSIVE;
				GCC_WARN_UNUSED_FUNCTION = YES;
				GCC_WARN_UNUSED_VARIABLE = YES;
				IPHONEOS_DEPLOYMENT_TARGET = 16.4;
				MTL_ENABLE_DEBUG_INFO = INCLUDE_SOURCE;
				MTL_FAST_MATH = YES;
				ONLY_ACTIVE_ARCH = YES;
				SDKROOT = iphoneos;
				SWIFT_ACTIVE_COMPILATION_CONDITIONS = DEBUG;
				SWIFT_OPTIMIZATION_LEVEL = "-Onone";
			};
			name = Debug;
		};
		03BD4AB32B3CB26400341CE2 /* Release */ = {
			isa = XCBuildConfiguration;
			buildSettings = {
				ALWAYS_SEARCH_USER_PATHS = NO;
				CLANG_ANALYZER_NONNULL = YES;
				CLANG_ANALYZER_NUMBER_OBJECT_CONVERSION = YES_AGGRESSIVE;
				CLANG_CXX_LANGUAGE_STANDARD = "gnu++20";
				CLANG_ENABLE_MODULES = YES;
				CLANG_ENABLE_OBJC_ARC = YES;
				CLANG_ENABLE_OBJC_WEAK = YES;
				CLANG_WARN_BLOCK_CAPTURE_AUTORELEASING = YES;
				CLANG_WARN_BOOL_CONVERSION = YES;
				CLANG_WARN_COMMA = YES;
				CLANG_WARN_CONSTANT_CONVERSION = YES;
				CLANG_WARN_DEPRECATED_OBJC_IMPLEMENTATIONS = YES;
				CLANG_WARN_DIRECT_OBJC_ISA_USAGE = YES_ERROR;
				CLANG_WARN_DOCUMENTATION_COMMENTS = YES;
				CLANG_WARN_EMPTY_BODY = YES;
				CLANG_WARN_ENUM_CONVERSION = YES;
				CLANG_WARN_INFINITE_RECURSION = YES;
				CLANG_WARN_INT_CONVERSION = YES;
				CLANG_WARN_NON_LITERAL_NULL_CONVERSION = YES;
				CLANG_WARN_OBJC_IMPLICIT_RETAIN_SELF = YES;
				CLANG_WARN_OBJC_LITERAL_CONVERSION = YES;
				CLANG_WARN_OBJC_ROOT_CLASS = YES_ERROR;
				CLANG_WARN_QUOTED_INCLUDE_IN_FRAMEWORK_HEADER = YES;
				CLANG_WARN_RANGE_LOOP_ANALYSIS = YES;
				CLANG_WARN_STRICT_PROTOTYPES = YES;
				CLANG_WARN_SUSPICIOUS_MOVE = YES;
				CLANG_WARN_UNGUARDED_AVAILABILITY = YES_AGGRESSIVE;
				CLANG_WARN_UNREACHABLE_CODE = YES;
				CLANG_WARN__DUPLICATE_METHOD_MATCH = YES;
				COPY_PHASE_STRIP = NO;
				DEBUG_INFORMATION_FORMAT = "dwarf-with-dsym";
				ENABLE_NS_ASSERTIONS = NO;
				ENABLE_STRICT_OBJC_MSGSEND = YES;
				GCC_C_LANGUAGE_STANDARD = gnu11;
				GCC_NO_COMMON_BLOCKS = YES;
				GCC_WARN_64_TO_32_BIT_CONVERSION = YES;
				GCC_WARN_ABOUT_RETURN_TYPE = YES_ERROR;
				GCC_WARN_UNDECLARED_SELECTOR = YES;
				GCC_WARN_UNINITIALIZED_AUTOS = YES_AGGRESSIVE;
				GCC_WARN_UNUSED_FUNCTION = YES;
				GCC_WARN_UNUSED_VARIABLE = YES;
				IPHONEOS_DEPLOYMENT_TARGET = 16.4;
				MTL_ENABLE_DEBUG_INFO = NO;
				MTL_FAST_MATH = YES;
				SDKROOT = iphoneos;
				SWIFT_COMPILATION_MODE = wholemodule;
				SWIFT_OPTIMIZATION_LEVEL = "-O";
				VALIDATE_PRODUCT = YES;
			};
			name = Release;
		};
		03BD4AB52B3CB26400341CE2 /* Debug */ = {
			isa = XCBuildConfiguration;
			buildSettings = {
				ASSETCATALOG_COMPILER_APPICON_NAME = AppIcon;
				ASSETCATALOG_COMPILER_GLOBAL_ACCENT_COLOR_NAME = AccentColor;
				CODE_SIGN_IDENTITY = "Apple Development";
				CODE_SIGN_STYLE = Automatic;
				CURRENT_PROJECT_VERSION = 1;
				DEVELOPMENT_ASSET_PATHS = "\"SwiftBank/Preview Content\"";
				DEVELOPMENT_TEAM = LF4G5DZZMF;
				ENABLE_PREVIEWS = YES;
				GENERATE_INFOPLIST_FILE = YES;
				INFOPLIST_KEY_UIApplicationSceneManifest_Generation = YES;
				INFOPLIST_KEY_UIApplicationSupportsIndirectInputEvents = YES;
				INFOPLIST_KEY_UILaunchScreen_Generation = YES;
				INFOPLIST_KEY_UISupportedInterfaceOrientations_iPad = "UIInterfaceOrientationPortrait UIInterfaceOrientationPortraitUpsideDown UIInterfaceOrientationLandscapeLeft UIInterfaceOrientationLandscapeRight";
				INFOPLIST_KEY_UISupportedInterfaceOrientations_iPhone = "UIInterfaceOrientationPortrait UIInterfaceOrientationLandscapeLeft UIInterfaceOrientationLandscapeRight";
				LD_RUNPATH_SEARCH_PATHS = (
					"$(inherited)",
					"@executable_path/Frameworks",
				);
				MARKETING_VERSION = 1.0;
				PRODUCT_BUNDLE_IDENTIFIER = com.afc.SwiftBank;
				PRODUCT_NAME = "$(TARGET_NAME)";
				PROVISIONING_PROFILE_SPECIFIER = "";
				SWIFT_EMIT_LOC_STRINGS = YES;
				SWIFT_VERSION = 5.0;
				TARGETED_DEVICE_FAMILY = "1,2";
			};
			name = Debug;
		};
		03BD4AB62B3CB26400341CE2 /* Release */ = {
			isa = XCBuildConfiguration;
			buildSettings = {
				ASSETCATALOG_COMPILER_APPICON_NAME = AppIcon;
				ASSETCATALOG_COMPILER_GLOBAL_ACCENT_COLOR_NAME = AccentColor;
				CODE_SIGN_IDENTITY = "Apple Development";
				CODE_SIGN_STYLE = Automatic;
				CURRENT_PROJECT_VERSION = 1;
				DEVELOPMENT_ASSET_PATHS = "\"SwiftBank/Preview Content\"";
				DEVELOPMENT_TEAM = LF4G5DZZMF;
				ENABLE_PREVIEWS = YES;
				GENERATE_INFOPLIST_FILE = YES;
				INFOPLIST_KEY_UIApplicationSceneManifest_Generation = YES;
				INFOPLIST_KEY_UIApplicationSupportsIndirectInputEvents = YES;
				INFOPLIST_KEY_UILaunchScreen_Generation = YES;
				INFOPLIST_KEY_UISupportedInterfaceOrientations_iPad = "UIInterfaceOrientationPortrait UIInterfaceOrientationPortraitUpsideDown UIInterfaceOrientationLandscapeLeft UIInterfaceOrientationLandscapeRight";
				INFOPLIST_KEY_UISupportedInterfaceOrientations_iPhone = "UIInterfaceOrientationPortrait UIInterfaceOrientationLandscapeLeft UIInterfaceOrientationLandscapeRight";
				LD_RUNPATH_SEARCH_PATHS = (
					"$(inherited)",
					"@executable_path/Frameworks",
				);
				MARKETING_VERSION = 1.0;
				PRODUCT_BUNDLE_IDENTIFIER = com.afc.SwiftBank;
				PRODUCT_NAME = "$(TARGET_NAME)";
				PROVISIONING_PROFILE_SPECIFIER = "";
				SWIFT_EMIT_LOC_STRINGS = YES;
				SWIFT_VERSION = 5.0;
				TARGETED_DEVICE_FAMILY = "1,2";
			};
			name = Release;
		};
/* End XCBuildConfiguration section */

/* Begin XCConfigurationList section */
		03BD4AA12B3CB26000341CE2 /* Build configuration list for PBXProject "SwiftBank" */ = {
			isa = XCConfigurationList;
			buildConfigurations = (
				03BD4AB22B3CB26400341CE2 /* Debug */,
				03BD4AB32B3CB26400341CE2 /* Release */,
			);
			defaultConfigurationIsVisible = 0;
			defaultConfigurationName = Release;
		};
		03BD4AB42B3CB26400341CE2 /* Build configuration list for PBXNativeTarget "SwiftBank" */ = {
			isa = XCConfigurationList;
			buildConfigurations = (
				03BD4AB52B3CB26400341CE2 /* Debug */,
				03BD4AB62B3CB26400341CE2 /* Release */,
			);
			defaultConfigurationIsVisible = 0;
			defaultConfigurationName = Release;
		};
/* End XCConfigurationList section */
	};
	rootObject = 03BD4A9E2B3CB26000341CE2 /* Project object */;
}
